
Microsoft Visual Studio Solution File, Format Version 12.00
# Visual Studio Version 17
VisualStudioVersion = 17.5.002.0
MinimumVisualStudioVersion = 10.0.40219.1
Project("{9A19103F-16F7-4668-BE54-9A1E7A4F7556}") = "HttpClientHelper", "HttpClientHelper.csproj", "{22DB547A-9B9B-4D95-A482-2B64AECA2360}"
EndProject
Global
	GlobalSection(SolutionConfigurationPlatforms) = preSolution
		Debug|Any CPU = Debug|Any CPU
		Release|Any CPU = Release|Any CPU
	EndGlobalSection
	GlobalSection(ProjectConfigurationPlatforms) = postSolution
		{22DB547A-9B9B-4D95-A482-2B64AECA2360}.Debug|Any CPU.ActiveCfg = Debug|Any CPU
		{22DB547A-9B9B-4D95-A482-2B64AECA2360}.Debug|Any CPU.Build.0 = Debug|Any CPU
		{22DB547A-9B9B-4D95-A482-2B64AECA2360}.Release|Any CPU.ActiveCfg = Release|Any CPU
		{22DB547A-9B9B-4D95-A482-2B64AECA2360}.Release|Any CPU.Build.0 = Release|Any CPU
	EndGlobalSection
	GlobalSection(SolutionProperties) = preSolution
		HideSolutionNode = FALSE
	EndGlobalSection
	GlobalSection(ExtensibilityGlobals) = postSolution
		SolutionGuid = {AAEF349B-1F8B-48A1-883B-F8E3173E3FCB}
	EndGlobalSection
EndGlobal
